
Microsoft Visual Studio Solution File, Format Version 12.00
# Visual Studio Version 17
VisualStudioVersion = 17.2.32210.308
MinimumVisualStudioVersion = 10.0.40219.1
Project("{9A19103F-16F7-4668-BE54-9A1E7A4F7556}") = "AppBlocks.MySqlService", "AppBlocks.MySqlService\AppBlocks.MySqlService.csproj", "{6B235626-ED1E-441E-A28A-7CEE284F9528}"
EndProject
Project("{2150E333-8FDC-42A3-9474-1A3956D46DE8}") = "Do", "Do", "{725EC776-AF0D-4BFF-B26C-FEA8CFDFE741}"
	ProjectSection(SolutionItems) = preProject
		..\..\.github\workflows\main.yml = ..\..\.github\workflows\main.yml
		..\..\README.md = ..\..\README.md
	EndProjectSection
EndProject
Global
	GlobalSection(SolutionConfigurationPlatforms) = preSolution
		Debug|Any CPU = Debug|Any CPU
		Release|Any CPU = Release|Any CPU
	EndGlobalSection
	GlobalSection(ProjectConfigurationPlatforms) = postSolution
		{6B235626-ED1E-441E-A28A-7CEE284F9528}.Debug|Any CPU.ActiveCfg = Debug|Any CPU
		{6B235626-ED1E-441E-A28A-7CEE284F9528}.Debug|Any CPU.Build.0 = Debug|Any CPU
		{6B235626-ED1E-441E-A28A-7CEE284F9528}.Release|Any CPU.ActiveCfg = Release|Any CPU
		{6B235626-ED1E-441E-A28A-7CEE284F9528}.Release|Any CPU.Build.0 = Release|Any CPU
	EndGlobalSection
	GlobalSection(SolutionProperties) = preSolution
		HideSolutionNode = FALSE
	EndGlobalSection
	GlobalSection(ExtensibilityGlobals) = postSolution
		SolutionGuid = {CF6B9AB0-EC8A-4F78-8C95-119B7ED918F1}
	EndGlobalSection
EndGlobal
